PODS:
  - Appirater (2.0.2)
  - ASIHTTPRequest (1.8.2):
    - ASIHTTPRequest/ASIWebPageRequest
    - ASIHTTPRequest/CloudFiles
    - ASIHTTPRequest/Core
    - ASIHTTPRequest/S3
  - ASIHTTPRequest/ASIWebPageRequest (1.8.2):
    - ASIHTTPRequest/Core
  - ASIHTTPRequest/CloudFiles (1.8.2):
    - ASIHTTPRequest/Core
  - ASIHTTPRequest/Core (1.8.2):
    - Reachability
  - ASIHTTPRequest/S3 (1.8.2):
    - ASIHTTPRequest/Core
  - CHTCollectionViewWaterfallLayout (0.7)
  - CocoaAsyncSocket (7.3.5)
  - iOS-Slide-Menu (1.4.2)
  - MagicalRecord (2.2):
    - MagicalRecord/Core
  - MagicalRecord/Core (2.2)
  - MBProgressHUD (0.8)
  - PinYin4Objc (1.1.1)
  - Reachability (3.1.1)
  - SIAlertView (1.3)
  - Toast (2.2)
  - TPKeyboardAvoiding (1.2.3)

DEPENDENCIES:
  - Appirater
  - ASIHTTPRequest (~> 1.8.2)
  - CHTCollectionViewWaterfallLayout
  - CocoaAsyncSocket (~> 7.3.4)
  - iOS-Slide-Menu (~> 1.4.2)
  - MagicalRecord (~> 2.2)
  - MBProgressHUD (~> 0.8)
  - PinYin4Objc (~> 1.1.1)
  - SIAlertView (~> 1.3)
  - Toast (~> 2.2)
  - TPKeyboardAvoiding (~> 1.2.3)

SPEC CHECKSUMS:
  Appirater: a5e00fb01d47a9a6acf4b2f22323b4ccf4f23fbb
  ASIHTTPRequest: 2c8335b49410c0e2ad42829c438e74d454b77590
  CHTCollectionViewWaterfallLayout: 184d3b6d5456b48e93ac97e93e606bd8b68aedcc
  CocoaAsyncSocket: 45bdbbc1c0a5ed0640ff4c42af325ba43a2f099a
  iOS-Slide-Menu: a03c8290b4bc3d44fad5bb5d14159926c6fbcc29
  MagicalRecord: 2b471584fc9e3137f3d0a56967917baa4979e224
  MBProgressHUD: c356980b0cd097f19acec959b49dca5eb8ec31be
  PinYin4Objc: b095ffd2a20e8e591abe7af262dfc8892549e09e
  Reachability: 8e9635e3cb4f98e7f825e51147f677ecc694d0e7
  SIAlertView: d00609a1faa9d82f17b9f0b4eede64e84a577b10
  Toast: dcf6e9f10369291f9c22feae1bed93c9ed3d84a2
  TPKeyboardAvoiding: ca26afa683d829cb96fe69b887fc8be4178f0b9a

COCOAPODS: 0.33.1
